
Microsoft Visual Studio Solution File, Format Version 12.00
# Visual Studio Version 17
VisualStudioVersion = 17.8.34511.84
MinimumVisualStudioVersion = 10.0.40219.1
Project("{2150E333-8FDC-42A3-9474-1A3956D46DE8}") = "Src", "Src", "{F1CF9360-2113-4C82-B5D2-DB359909C0BD}"
EndProject
Project("{2150E333-8FDC-42A3-9474-1A3956D46DE8}") = "Test", "Test", "{4F055C9E-1AE3-4E92-ACFC-0AF96F6757B0}"
EndProject
Project("{2150E333-8FDC-42A3-9474-1A3956D46DE8}") = "Doc", "Doc", "{87F3D4CD-13AE-4599-8E79-D751FE5715B1}"
EndProject
Project("{FAE04EC0-301F-11D3-BF4B-00C04F79EFBC}") = "IDP.Application", "IDP.Application\IDP.Application.csproj", "{DCF1FABE-F65F-486D-B75D-7120F20C15B7}"
EndProject
Project("{2150E333-8FDC-42A3-9474-1A3956D46DE8}") = "Core", "Core", "{F2551E12-D2FA-4241-AC44-94B676266109}"
EndProject
Project("{2150E333-8FDC-42A3-9474-1A3956D46DE8}") = "Presentation", "Presentation", "{792637E3-13E0-41ED-A6DD-DD0205ACC827}"
EndProject
Project("{2150E333-8FDC-42A3-9474-1A3956D46DE8}") = "Infrastracture", "Infrastracture", "{D5B3679C-C7C0-49F4-87F8-E76D3B807738}"
EndProject
Project("{2150E333-8FDC-42A3-9474-1A3956D46DE8}") = "Common", "Common", "{D4D1D1EF-6355-4D55-9A9A-9A083AE8F1C9}"
EndProject
Project("{FAE04EC0-301F-11D3-BF4B-00C04F79EFBC}") = "IDP.Core", "IDP.Core\IDP.Core.csproj", "{201CB5C5-8AAF-4613-880B-EC05D12CC166}"
EndProject
Project("{FAE04EC0-301F-11D3-BF4B-00C04F79EFBC}") = "IDP.Common", "IDP.Common\IDP.Common.csproj", "{5CAB29C9-CFB5-4A9E-965B-6E49DCAC3213}"
EndProject
Project("{FAE04EC0-301F-11D3-BF4B-00C04F79EFBC}") = "IDP.Infrastracture", "IDP.Infrastracture\IDP.Infrastracture.csproj", "{6B3BB747-F28A-4322-A2FF-D0659CF6B00B}"
EndProject
Project("{FAE04EC0-301F-11D3-BF4B-00C04F79EFBC}") = "IDP.Persistence", "IDP.Persistence\IDP.Persistence.csproj", "{AFC814CA-776A-4D39-B03B-93A4C784DFDE}"
EndProject
Project("{FAE04EC0-301F-11D3-BF4B-00C04F79EFBC}") = "IDP.Api", "IDP.Api\IDP.Api.csproj", "{0B985662-019F-45F3-B36D-9C27486F9A53}"
EndProject
Global
	GlobalSection(SolutionConfigurationPlatforms) = preSolution
		Debug|Any CPU = Debug|Any CPU
		Release|Any CPU = Release|Any CPU
	EndGlobalSection
	GlobalSection(ProjectConfigurationPlatforms) = postSolution
		{DCF1FABE-F65F-486D-B75D-7120F20C15B7}.Debug|Any CPU.ActiveCfg = Debug|Any CPU
		{DCF1FABE-F65F-486D-B75D-7120F20C15B7}.Debug|Any CPU.Build.0 = Debug|Any CPU
		{DCF1FABE-F65F-486D-B75D-7120F20C15B7}.Release|Any CPU.ActiveCfg = Release|Any CPU
		{DCF1FABE-F65F-486D-B75D-7120F20C15B7}.Release|Any CPU.Build.0 = Release|Any CPU
		{201CB5C5-8AAF-4613-880B-EC05D12CC166}.Debug|Any CPU.ActiveCfg = Debug|Any CPU
		{201CB5C5-8AAF-4613-880B-EC05D12CC166}.Debug|Any CPU.Build.0 = Debug|Any CPU
		{201CB5C5-8AAF-4613-880B-EC05D12CC166}.Release|Any CPU.ActiveCfg = Release|Any CPU
		{201CB5C5-8AAF-4613-880B-EC05D12CC166}.Release|Any CPU.Build.0 = Release|Any CPU
		{5CAB29C9-CFB5-4A9E-965B-6E49DCAC3213}.Debug|Any CPU.ActiveCfg = Debug|Any CPU
		{5CAB29C9-CFB5-4A9E-965B-6E49DCAC3213}.Debug|Any CPU.Build.0 = Debug|Any CPU
		{5CAB29C9-CFB5-4A9E-965B-6E49DCAC3213}.Release|Any CPU.ActiveCfg = Release|Any CPU
		{5CAB29C9-CFB5-4A9E-965B-6E49DCAC3213}.Release|Any CPU.Build.0 = Release|Any CPU
		{6B3BB747-F28A-4322-A2FF-D0659CF6B00B}.Debug|Any CPU.ActiveCfg = Debug|Any CPU
		{6B3BB747-F28A-4322-A2FF-D0659CF6B00B}.Debug|Any CPU.Build.0 = Debug|Any CPU
		{6B3BB747-F28A-4322-A2FF-D0659CF6B00B}.Release|Any CPU.ActiveCfg = Release|Any CPU
		{6B3BB747-F28A-4322-A2FF-D0659CF6B00B}.Release|Any CPU.Build.0 = Release|Any CPU
		{AFC814CA-776A-4D39-B03B-93A4C784DFDE}.Debug|Any CPU.ActiveCfg = Debug|Any CPU
		{AFC814CA-776A-4D39-B03B-93A4C784DFDE}.Debug|Any CPU.Build.0 = Debug|Any CPU
		{AFC814CA-776A-4D39-B03B-93A4C784DFDE}.Release|Any CPU.ActiveCfg = Release|Any CPU
		{AFC814CA-776A-4D39-B03B-93A4C784DFDE}.Release|Any CPU.Build.0 = Release|Any CPU
		{0B985662-019F-45F3-B36D-9C27486F9A53}.Debug|Any CPU.ActiveCfg = Debug|Any CPU
		{0B985662-019F-45F3-B36D-9C27486F9A53}.Debug|Any CPU.Build.0 = Debug|Any CPU
		{0B985662-019F-45F3-B36D-9C27486F9A53}.Release|Any CPU.ActiveCfg = Release|Any CPU
		{0B985662-019F-45F3-B36D-9C27486F9A53}.Release|Any CPU.Build.0 = Release|Any CPU
	EndGlobalSection
	GlobalSection(SolutionProperties) = preSolution
		HideSolutionNode = FALSE
	EndGlobalSection
	GlobalSection(NestedProjects) = preSolution
		{DCF1FABE-F65F-486D-B75D-7120F20C15B7} = {F2551E12-D2FA-4241-AC44-94B676266109}
		{F2551E12-D2FA-4241-AC44-94B676266109} = {F1CF9360-2113-4C82-B5D2-DB359909C0BD}
		{792637E3-13E0-41ED-A6DD-DD0205ACC827} = {F1CF9360-2113-4C82-B5D2-DB359909C0BD}
		{D5B3679C-C7C0-49F4-87F8-E76D3B807738} = {F1CF9360-2113-4C82-B5D2-DB359909C0BD}
		{D4D1D1EF-6355-4D55-9A9A-9A083AE8F1C9} = {F1CF9360-2113-4C82-B5D2-DB359909C0BD}
		{201CB5C5-8AAF-4613-880B-EC05D12CC166} = {F2551E12-D2FA-4241-AC44-94B676266109}
		{5CAB29C9-CFB5-4A9E-965B-6E49DCAC3213} = {D4D1D1EF-6355-4D55-9A9A-9A083AE8F1C9}
		{6B3BB747-F28A-4322-A2FF-D0659CF6B00B} = {D5B3679C-C7C0-49F4-87F8-E76D3B807738}
		{AFC814CA-776A-4D39-B03B-93A4C784DFDE} = {D5B3679C-C7C0-49F4-87F8-E76D3B807738}
		{0B985662-019F-45F3-B36D-9C27486F9A53} = {792637E3-13E0-41ED-A6DD-DD0205ACC827}
	EndGlobalSection
	GlobalSection(ExtensibilityGlobals) = postSolution
		SolutionGuid = {BE470164-C0E0-4A1C-A2AA-70D6157B49D1}
	EndGlobalSection
EndGlobal
